
Microsoft Visual Studio Solution File, Format Version 12.00
# Visual Studio 15
VisualStudioVersion = 15.0.28307.539
MinimumVisualStudioVersion = 10.0.40219.1
Project("{FAE04EC0-301F-11D3-BF4B-00C04F79EFBC}") = "CodefirstNew", "CodefirstNew\CodefirstNew.csproj", "{37C41969-8856-4479-B912-AB97B94E7415}"
EndProject
Project("{FAE04EC0-301F-11D3-BF4B-00C04F79EFBC}") = "Codefirst2", "Codefirst2\Codefirst2.csproj", "{B969A618-3510-4AA8-ADDF-DE6CEC89DB6C}"
EndProject
Global
	GlobalSection(SolutionConfigurationPlatforms) = preSolution
		Debug|Any CPU = Debug|Any CPU
		Release|Any CPU = Release|Any CPU
	EndGlobalSection
	GlobalSection(ProjectConfigurationPlatforms) = postSolution
		{37C41969-8856-4479-B912-AB97B94E7415}.Debug|Any CPU.ActiveCfg = Debug|Any CPU
		{37C41969-8856-4479-B912-AB97B94E7415}.Debug|Any CPU.Build.0 = Debug|Any CPU
		{37C41969-8856-4479-B912-AB97B94E7415}.Release|Any CPU.ActiveCfg = Release|Any CPU
		{37C41969-8856-4479-B912-AB97B94E7415}.Release|Any CPU.Build.0 = Release|Any CPU
		{B969A618-3510-4AA8-ADDF-DE6CEC89DB6C}.Debug|Any CPU.ActiveCfg = Debug|Any CPU
		{B969A618-3510-4AA8-ADDF-DE6CEC89DB6C}.Debug|Any CPU.Build.0 = Debug|Any CPU
		{B969A618-3510-4AA8-ADDF-DE6CEC89DB6C}.Release|Any CPU.ActiveCfg = Release|Any CPU
		{B969A618-3510-4AA8-ADDF-DE6CEC89DB6C}.Release|Any CPU.Build.0 = Release|Any CPU
	EndGlobalSection
	GlobalSection(SolutionProperties) = preSolution
		HideSolutionNode = FALSE
	EndGlobalSection
	GlobalSection(ExtensibilityGlobals) = postSolution
		SolutionGuid = {C5DE45A3-8146-4CD2-B609-F13F35F2F4A4}
	EndGlobalSection
EndGlobal
